
Microsoft Visual Studio Solution File, Format Version 12.00
# Visual Studio Version 17
VisualStudioVersion = 17.3.32901.215
MinimumVisualStudioVersion = 10.0.40219.1
Project("{FAE04EC0-301F-11D3-BF4B-00C04F79EFBC}") = "EShopWeb.SharedObject", "EShopWeb.SharedObject\EShopWeb.SharedObject.csproj", "{ACBCA2B7-0190-4D42-AD6F-CD0BB784F7E3}"
EndProject
Project("{FAE04EC0-301F-11D3-BF4B-00C04F79EFBC}") = "EShopWeb.Infrastructure", "EShopWeb.Infrastructure\EShopWeb.Infrastructure.csproj", "{5E65C461-93F9-401E-A5FC-68A1A92FE30E}"
EndProject
Project("{FAE04EC0-301F-11D3-BF4B-00C04F79EFBC}") = "EShopWeb.API", "EShopWeb.API\EShopWeb.API.csproj", "{DC86D920-1B6B-4E3A-8952-045EF2662E4D}"
EndProject
Project("{2150E333-8FDC-42A3-9474-1A3956D46DE8}") = "Solution Items", "Solution Items", "{9DE3D884-200C-40AF-8D10-524E3302FBED}"
	ProjectSection(SolutionItems) = preProject
		ReadMe.md = ReadMe.md
	EndProjectSection
EndProject
Global
	GlobalSection(SolutionConfigurationPlatforms) = preSolution
		Debug|Any CPU = Debug|Any CPU
		Release|Any CPU = Release|Any CPU
	EndGlobalSection
	GlobalSection(ProjectConfigurationPlatforms) = postSolution
		{ACBCA2B7-0190-4D42-AD6F-CD0BB784F7E3}.Debug|Any CPU.ActiveCfg = Debug|Any CPU
		{ACBCA2B7-0190-4D42-AD6F-CD0BB784F7E3}.Debug|Any CPU.Build.0 = Debug|Any CPU
		{ACBCA2B7-0190-4D42-AD6F-CD0BB784F7E3}.Release|Any CPU.ActiveCfg = Release|Any CPU
		{ACBCA2B7-0190-4D42-AD6F-CD0BB784F7E3}.Release|Any CPU.Build.0 = Release|Any CPU
		{5E65C461-93F9-401E-A5FC-68A1A92FE30E}.Debug|Any CPU.ActiveCfg = Debug|Any CPU
		{5E65C461-93F9-401E-A5FC-68A1A92FE30E}.Debug|Any CPU.Build.0 = Debug|Any CPU
		{5E65C461-93F9-401E-A5FC-68A1A92FE30E}.Release|Any CPU.ActiveCfg = Release|Any CPU
		{5E65C461-93F9-401E-A5FC-68A1A92FE30E}.Release|Any CPU.Build.0 = Release|Any CPU
		{DC86D920-1B6B-4E3A-8952-045EF2662E4D}.Debug|Any CPU.ActiveCfg = Debug|Any CPU
		{DC86D920-1B6B-4E3A-8952-045EF2662E4D}.Debug|Any CPU.Build.0 = Debug|Any CPU
		{DC86D920-1B6B-4E3A-8952-045EF2662E4D}.Release|Any CPU.ActiveCfg = Release|Any CPU
		{DC86D920-1B6B-4E3A-8952-045EF2662E4D}.Release|Any CPU.Build.0 = Release|Any CPU
	EndGlobalSection
	GlobalSection(SolutionProperties) = preSolution
		HideSolutionNode = FALSE
	EndGlobalSection
	GlobalSection(ExtensibilityGlobals) = postSolution
		SolutionGuid = {3064AA18-EF5B-4FFE-BD83-29FE97574DAF}
	EndGlobalSection
EndGlobal
